
Microsoft Visual Studio Solution File, Format Version 12.00
# Visual Studio Version 16
VisualStudioVersion = 16.0.29709.97
MinimumVisualStudioVersion = 10.0.40219.1
Project("{FAE04EC0-301F-11D3-BF4B-00C04F79EFBC}") = "KassaApp", "KassaApp\KassaApp.csproj", "{E0355164-5816-43B2-9F86-C8E7CE15E9B6}"
EndProject
Global
	GlobalSection(SolutionConfigurationPlatforms) = preSolution
		Debug|Any CPU = Debug|Any CPU
		Release|Any CPU = Release|Any CPU
	EndGlobalSection
	GlobalSection(ProjectConfigurationPlatforms) = postSolution
		{E0355164-5816-43B2-9F86-C8E7CE15E9B6}.Debug|Any CPU.ActiveCfg = Debug|Any CPU
		{E0355164-5816-43B2-9F86-C8E7CE15E9B6}.Debug|Any CPU.Build.0 = Debug|Any CPU
		{E0355164-5816-43B2-9F86-C8E7CE15E9B6}.Release|Any CPU.ActiveCfg = Release|Any CPU
		{E0355164-5816-43B2-9F86-C8E7CE15E9B6}.Release|Any CPU.Build.0 = Release|Any CPU
	EndGlobalSection
	GlobalSection(SolutionProperties) = preSolution
		HideSolutionNode = FALSE
	EndGlobalSection
	GlobalSection(ExtensibilityGlobals) = postSolution
		SolutionGuid = {4307EC5D-0D61-4BAC-81C3-68D41516605A}
	EndGlobalSection
EndGlobal
